{
  "name": "priestory",
  "version": "1.0.0",
  "lockfileVersion": 1,
  "requires": true,
  "dependencies": {
    "jquery-browserify": {
      "version": "1.8.1",
      "resolved": "https://registry.npmjs.org/jquery-browserify/-/jquery-browserify-1.8.1.tgz",
      "integrity": "sha1-DeqddBpPQRWuGYDEUxsiUCmRoBU="
    }
  }
}
